// !$*UTF8*$!
{
	archiveVersion = 1;
	classes = {
	};
	objectVersion = 55;
	objects = {

/* Begin PBXBuildFile section */
		5F7125CE28819D84008CA35E /* BoostersApp.swift in Sources */ = {isa = PBXBuildFile; fileRef = 5F7125CD28819D84008CA35E /* BoostersApp.swift */; };
		5F7125D228819D86008CA35E /* Assets.xcassets in Resources */ = {isa = PBXBuildFile; fileRef = 5F7125D128819D86008CA35E /* Assets.xcassets */; };
		5F7125D528819D86008CA35E /* Preview Assets.xcassets in Resources */ = {isa = PBXBuildFile; fileRef = 5F7125D428819D86008CA35E /* Preview Assets.xcassets */; };
		5F7125E928819D86008CA35E /* BoostersUITests.swift in Sources */ = {isa = PBXBuildFile; fileRef = 5F7125E828819D86008CA35E /* BoostersUITests.swift */; };
		5F7125EB28819D86008CA35E /* BoostersUITestsLaunchTests.swift in Sources */ = {isa = PBXBuildFile; fileRef = 5F7125EA28819D86008CA35E /* BoostersUITestsLaunchTests.swift */; };
		5F7125F92881A5F9008CA35E /* ComposableArchitecture in Frameworks */ = {isa = PBXBuildFile; productRef = 5F7125F82881A5F9008CA35E /* ComposableArchitecture */; };
		5F7126002881A681008CA35E /* NetworkService.swift in Sources */ = {isa = PBXBuildFile; fileRef = 5F7125FF2881A681008CA35E /* NetworkService.swift */; };
		5F7126042881A707008CA35E /* Animal.swift in Sources */ = {isa = PBXBuildFile; fileRef = 5F7126032881A707008CA35E /* Animal.swift */; };
		5F7126062881A70C008CA35E /* Fact.swift in Sources */ = {isa = PBXBuildFile; fileRef = 5F7126052881A70C008CA35E /* Fact.swift */; };
		5F7126082881A790008CA35E /* Publisher+Ext.swift in Sources */ = {isa = PBXBuildFile; fileRef = 5F7126072881A790008CA35E /* Publisher+Ext.swift */; };
		5F71260A2881A7AA008CA35E /* AnimalFactsStore.swift in Sources */ = {isa = PBXBuildFile; fileRef = 5F7126092881A7AA008CA35E /* AnimalFactsStore.swift */; };
		5F71260C2881A7B2008CA35E /* AnimalFactsView.swift in Sources */ = {isa = PBXBuildFile; fileRef = 5F71260B2881A7B2008CA35E /* AnimalFactsView.swift */; };
		5F71260E2881A7BF008CA35E /* AnimalsList.swift in Sources */ = {isa = PBXBuildFile; fileRef = 5F71260D2881A7BF008CA35E /* AnimalsList.swift */; };
		5F7126102881A7C9008CA35E /* AnimalsListView.swift in Sources */ = {isa = PBXBuildFile; fileRef = 5F71260F2881A7C9008CA35E /* AnimalsListView.swift */; };
		5F7126152881A824008CA35E /* AppStore.swift in Sources */ = {isa = PBXBuildFile; fileRef = 5F7126142881A824008CA35E /* AppStore.swift */; };
		5F7126182881A82D008CA35E /* AppView.swift in Sources */ = {isa = PBXBuildFile; fileRef = 5F7126172881A82D008CA35E /* AppView.swift */; };
		5F71261B2881A8EA008CA35E /* AnimalsService.swift in Sources */ = {isa = PBXBuildFile; fileRef = 5F71261A2881A8EA008CA35E /* AnimalsService.swift */; };
		5F7126232881AAA9008CA35E /* ContentType.swift in Sources */ = {isa = PBXBuildFile; fileRef = 5F71261D2881AAA8008CA35E /* ContentType.swift */; };
		5F7126262881AAA9008CA35E /* HTTPMethod.swift in Sources */ = {isa = PBXBuildFile; fileRef = 5F7126202881AAA9008CA35E /* HTTPMethod.swift */; };
		5F7126272881AAA9008CA35E /* NetworkError.swift in Sources */ = {isa = PBXBuildFile; fileRef = 5F7126212881AAA9008CA35E /* NetworkError.swift */; };
		5F7126342881C21E008CA35E /* RequestBuilder.swift in Sources */ = {isa = PBXBuildFile; fileRef = 5F7126332881C21E008CA35E /* RequestBuilder.swift */; };
		5F7126372881C287008CA35E /* APIError.swift in Sources */ = {isa = PBXBuildFile; fileRef = 5F7126362881C287008CA35E /* APIError.swift */; };
		5F71263B2881C2FE008CA35E /* AppDelegate.swift in Sources */ = {isa = PBXBuildFile; fileRef = 5F7126392881C2FE008CA35E /* AppDelegate.swift */; };
		5F71263C2881C2FE008CA35E /* AppDelegateStore.swift in Sources */ = {isa = PBXBuildFile; fileRef = 5F71263A2881C2FE008CA35E /* AppDelegateStore.swift */; };
		5F7126402881C850008CA35E /* AnimalCellView.swift in Sources */ = {isa = PBXBuildFile; fileRef = 5F71263F2881C850008CA35E /* AnimalCellView.swift */; };
		5F7126432881C870008CA35E /* AnimalCellStore.swift in Sources */ = {isa = PBXBuildFile; fileRef = 5F7126422881C870008CA35E /* AnimalCellStore.swift */; };
		5F7126462881D352008CA35E /* Kingfisher in Frameworks */ = {isa = PBXBuildFile; productRef = 5F7126452881D352008CA35E /* Kingfisher */; };
		5F7126482881EE55008CA35E /* SwiftUI+Navigation.swift in Sources */ = {isa = PBXBuildFile; fileRef = 5F7126472881EE55008CA35E /* SwiftUI+Navigation.swift */; };
		5F71264B2881F428008CA35E /* Loader.swift in Sources */ = {isa = PBXBuildFile; fileRef = 5F71264A2881F428008CA35E /* Loader.swift */; };
		5F71264D2881F455008CA35E /* Loadable.swift in Sources */ = {isa = PBXBuildFile; fileRef = 5F71264C2881F455008CA35E /* Loadable.swift */; };
		5F7126502882F24E008CA35E /* AnimalFactStore.swift in Sources */ = {isa = PBXBuildFile; fileRef = 5F71264F2882F24E008CA35E /* AnimalFactStore.swift */; };
		5F7126522882F256008CA35E /* AnimalFactView.swift in Sources */ = {isa = PBXBuildFile; fileRef = 5F7126512882F256008CA35E /* AnimalFactView.swift */; };
		5F71265728833D24008CA35E /* ActivityView.swift in Sources */ = {isa = PBXBuildFile; fileRef = 5F71265628833D24008CA35E /* ActivityView.swift */; };
		5F71265928833D39008CA35E /* ActivityShareItem.swift in Sources */ = {isa = PBXBuildFile; fileRef = 5F71265828833D39008CA35E /* ActivityShareItem.swift */; };
		5F71265D28834B27008CA35E /* KingfisherService.swift in Sources */ = {isa = PBXBuildFile; fileRef = 5F71265C28834B27008CA35E /* KingfisherService.swift */; };
		5F7126ED288435AC008CA35E /* AnimalFactTests.swift in Sources */ = {isa = PBXBuildFile; fileRef = 5F7126EC288435AC008CA35E /* AnimalFactTests.swift */; };
		5F7126EF288435BA008CA35E /* AnimalFactsTests.swift in Sources */ = {isa = PBXBuildFile; fileRef = 5F7126EE288435BA008CA35E /* AnimalFactsTests.swift */; };
		5F7126F12884361A008CA35E /* AnimalsListTests.swift in Sources */ = {isa = PBXBuildFile; fileRef = 5F7126F02884361A008CA35E /* AnimalsListTests.swift */; };
/* End PBXBuildFile section */

/* Begin PBXContainerItemProxy section */
		5F7125DB28819D86008CA35E /* PBXContainerItemProxy */ = {
			isa = PBXContainerItemProxy;
			containerPortal = 5F7125C228819D83008CA35E /* Project object */;
			proxyType = 1;
			remoteGlobalIDString = 5F7125C928819D84008CA35E;
			remoteInfo = Boosters;
		};
		5F7125E528819D86008CA35E /* PBXContainerItemProxy */ = {
			isa = PBXContainerItemProxy;
			containerPortal = 5F7125C228819D83008CA35E /* Project object */;
			proxyType = 1;
			remoteGlobalIDString = 5F7125C928819D84008CA35E;
			remoteInfo = Boosters;
		};
/* End PBXContainerItemProxy section */

/* Begin PBXFileReference section */
		5F7125CA28819D84008CA35E /* Boosters.app */ = {isa = PBXFileReference; explicitFileType = wrapper.application; includeInIndex = 0; path = Boosters.app; sourceTree = BUILT_PRODUCTS_DIR; };
		5F7125CD28819D84008CA35E /* BoostersApp.swift */ = {isa = PBXFileReference; lastKnownFileType = sourcecode.swift; path = BoostersApp.swift; sourceTree = "<group>"; };
		5F7125D128819D86008CA35E /* Assets.xcassets */ = {isa = PBXFileReference; lastKnownFileType = folder.assetcatalog; path = Assets.xcassets; sourceTree = "<group>"; };
		5F7125D428819D86008CA35E /* Preview Assets.xcassets */ = {isa = PBXFileReference; lastKnownFileType = folder.assetcatalog; path = "Preview Assets.xcassets"; sourceTree = "<group>"; };
		5F7125DA28819D86008CA35E /* BoostersTests.xctest */ = {isa = PBXFileReference; explicitFileType = wrapper.cfbundle; includeInIndex = 0; path = BoostersTests.xctest; sourceTree = BUILT_PRODUCTS_DIR; };
		5F7125E428819D86008CA35E /* BoostersUITests.xctest */ = {isa = PBXFileReference; explicitFileType = wrapper.cfbundle; includeInIndex = 0; path = BoostersUITests.xctest; sourceTree = BUILT_PRODUCTS_DIR; };
		5F7125E828819D86008CA35E /* BoostersUITests.swift */ = {isa = PBXFileReference; lastKnownFileType = sourcecode.swift; path = BoostersUITests.swift; sourceTree = "<group>"; };
		5F7125EA28819D86008CA35E /* BoostersUITestsLaunchTests.swift */ = {isa = PBXFileReference; lastKnownFileType = sourcecode.swift; path = BoostersUITestsLaunchTests.swift; sourceTree = "<group>"; };
		5F7125FF2881A681008CA35E /* NetworkService.swift */ = {isa = PBXFileReference; lastKnownFileType = sourcecode.swift; path = NetworkService.swift; sourceTree = "<group>"; };
		5F7126032881A707008CA35E /* Animal.swift */ = {isa = PBXFileReference; lastKnownFileType = sourcecode.swift; path = Animal.swift; sourceTree = "<group>"; };
		5F7126052881A70C008CA35E /* Fact.swift */ = {isa = PBXFileReference; lastKnownFileType = sourcecode.swift; path = Fact.swift; sourceTree = "<group>"; };
		5F7126072881A790008CA35E /* Publisher+Ext.swift */ = {isa = PBXFileReference; lastKnownFileType = sourcecode.swift; path = "Publisher+Ext.swift"; sourceTree = "<group>"; };
		5F7126092881A7AA008CA35E /* AnimalFactsStore.swift */ = {isa = PBXFileReference; lastKnownFileType = sourcecode.swift; path = AnimalFactsStore.swift; sourceTree = "<group>"; };
		5F71260B2881A7B2008CA35E /* AnimalFactsView.swift */ = {isa = PBXFileReference; lastKnownFileType = sourcecode.swift; path = AnimalFactsView.swift; sourceTree = "<group>"; };
		5F71260D2881A7BF008CA35E /* AnimalsList.swift */ = {isa = PBXFileReference; lastKnownFileType = sourcecode.swift; path = AnimalsList.swift; sourceTree = "<group>"; };
		5F71260F2881A7C9008CA35E /* AnimalsListView.swift */ = {isa = PBXFileReference; lastKnownFileType = sourcecode.swift; path = AnimalsListView.swift; sourceTree = "<group>"; };
		5F7126142881A824008CA35E /* AppStore.swift */ = {isa = PBXFileReference; lastKnownFileType = sourcecode.swift; path = AppStore.swift; sourceTree = "<group>"; };
		5F7126172881A82D008CA35E /* AppView.swift */ = {isa = PBXFileReference; lastKnownFileType = sourcecode.swift; path = AppView.swift; sourceTree = "<group>"; };
		5F71261A2881A8EA008CA35E /* AnimalsService.swift */ = {isa = PBXFileReference; lastKnownFileType = sourcecode.swift; path = AnimalsService.swift; sourceTree = "<group>"; };
		5F71261D2881AAA8008CA35E /* ContentType.swift */ = {isa = PBXFileReference; fileEncoding = 4; lastKnownFileType = sourcecode.swift; path = ContentType.swift; sourceTree = "<group>"; };
		5F7126202881AAA9008CA35E /* HTTPMethod.swift */ = {isa = PBXFileReference; fileEncoding = 4; lastKnownFileType = sourcecode.swift; path = HTTPMethod.swift; sourceTree = "<group>"; };
		5F7126212881AAA9008CA35E /* NetworkError.swift */ = {isa = PBXFileReference; fileEncoding = 4; lastKnownFileType = sourcecode.swift; path = NetworkError.swift; sourceTree = "<group>"; };
		5F7126332881C21E008CA35E /* RequestBuilder.swift */ = {isa = PBXFileReference; lastKnownFileType = sourcecode.swift; path = RequestBuilder.swift; sourceTree = "<group>"; };
		5F7126362881C287008CA35E /* APIError.swift */ = {isa = PBXFileReference; lastKnownFileType = sourcecode.swift; path = APIError.swift; sourceTree = "<group>"; };
		5F7126392881C2FE008CA35E /* AppDelegate.swift */ = {isa = PBXFileReference; fileEncoding = 4; lastKnownFileType = sourcecode.swift; path = AppDelegate.swift; sourceTree = "<group>"; };
		5F71263A2881C2FE008CA35E /* AppDelegateStore.swift */ = {isa = PBXFileReference; fileEncoding = 4; lastKnownFileType = sourcecode.swift; path = AppDelegateStore.swift; sourceTree = "<group>"; };
		5F71263F2881C850008CA35E /* AnimalCellView.swift */ = {isa = PBXFileReference; lastKnownFileType = sourcecode.swift; path = AnimalCellView.swift; sourceTree = "<group>"; };
		5F7126422881C870008CA35E /* AnimalCellStore.swift */ = {isa = PBXFileReference; lastKnownFileType = sourcecode.swift; path = AnimalCellStore.swift; sourceTree = "<group>"; };
		5F7126472881EE55008CA35E /* SwiftUI+Navigation.swift */ = {isa = PBXFileReference; lastKnownFileType = sourcecode.swift; path = "SwiftUI+Navigation.swift"; sourceTree = "<group>"; };
		5F71264A2881F428008CA35E /* Loader.swift */ = {isa = PBXFileReference; lastKnownFileType = sourcecode.swift; path = Loader.swift; sourceTree = "<group>"; };
		5F71264C2881F455008CA35E /* Loadable.swift */ = {isa = PBXFileReference; lastKnownFileType = sourcecode.swift; path = Loadable.swift; sourceTree = "<group>"; };
		5F71264F2882F24E008CA35E /* AnimalFactStore.swift */ = {isa = PBXFileReference; lastKnownFileType = sourcecode.swift; path = AnimalFactStore.swift; sourceTree = "<group>"; };
		5F7126512882F256008CA35E /* AnimalFactView.swift */ = {isa = PBXFileReference; lastKnownFileType = sourcecode.swift; path = AnimalFactView.swift; sourceTree = "<group>"; };
		5F71265628833D24008CA35E /* ActivityView.swift */ = {isa = PBXFileReference; lastKnownFileType = sourcecode.swift; path = ActivityView.swift; sourceTree = "<group>"; };
		5F71265828833D39008CA35E /* ActivityShareItem.swift */ = {isa = PBXFileReference; lastKnownFileType = sourcecode.swift; path = ActivityShareItem.swift; sourceTree = "<group>"; };
		5F71265C28834B27008CA35E /* KingfisherService.swift */ = {isa = PBXFileReference; lastKnownFileType = sourcecode.swift; path = KingfisherService.swift; sourceTree = "<group>"; };
		5F7126EC288435AC008CA35E /* AnimalFactTests.swift */ = {isa = PBXFileReference; lastKnownFileType = sourcecode.swift; path = AnimalFactTests.swift; sourceTree = "<group>"; };
		5F7126EE288435BA008CA35E /* AnimalFactsTests.swift */ = {isa = PBXFileReference; lastKnownFileType = sourcecode.swift; path = AnimalFactsTests.swift; sourceTree = "<group>"; };
		5F7126F02884361A008CA35E /* AnimalsListTests.swift */ = {isa = PBXFileReference; lastKnownFileType = sourcecode.swift; path = AnimalsListTests.swift; sourceTree = "<group>"; };
/* End PBXFileReference section */

/* Begin PBXFrameworksBuildPhase section */
		5F7125C728819D84008CA35E /* Frameworks */ = {
			isa = PBXFrameworksBuildPhase;
			buildActionMask = 2147483647;
			files = (
				5F7126462881D352008CA35E /* Kingfisher in Frameworks */,
				5F7125F92881A5F9008CA35E /* ComposableArchitecture in Frameworks */,
			);
			runOnlyForDeploymentPostprocessing = 0;
		};
		5F7125D728819D86008CA35E /* Frameworks */ = {
			isa = PBXFrameworksBuildPhase;
			buildActionMask = 2147483647;
			files = (
			);
			runOnlyForDeploymentPostprocessing = 0;
		};
		5F7125E128819D86008CA35E /* Frameworks */ = {
			isa = PBXFrameworksBuildPhase;
			buildActionMask = 2147483647;
			files = (
			);
			runOnlyForDeploymentPostprocessing = 0;
		};
/* End PBXFrameworksBuildPhase section */

/* Begin PBXGroup section */
		5F7125C128819D83008CA35E = {
			isa = PBXGroup;
			children = (
				5F7125CC28819D84008CA35E /* Boosters */,
				5F7125DD28819D86008CA35E /* BoostersTests */,
				5F7125E728819D86008CA35E /* BoostersUITests */,
				5F7125CB28819D84008CA35E /* Products */,
			);
			sourceTree = "<group>";
		};
		5F7125CB28819D84008CA35E /* Products */ = {
			isa = PBXGroup;
			children = (
				5F7125CA28819D84008CA35E /* Boosters.app */,
				5F7125DA28819D86008CA35E /* BoostersTests.xctest */,
				5F7125E428819D86008CA35E /* BoostersUITests.xctest */,
			);
			name = Products;
			sourceTree = "<group>";
		};
		5F7125CC28819D84008CA35E /* Boosters */ = {
			isa = PBXGroup;
			children = (
				5F7125FE2881A66C008CA35E /* Services */,
				5F7125FB2881A610008CA35E /* Modules */,
				5F7125FC2881A62E008CA35E /* Models */,
				5F7126492881F41E008CA35E /* SharedViews */,
				5F7125FD2881A644008CA35E /* Extensions */,
				5F7125D128819D86008CA35E /* Assets.xcassets */,
				5F7125D328819D86008CA35E /* Preview Content */,
			);
			path = Boosters;
			sourceTree = "<group>";
		};
		5F7125D328819D86008CA35E /* Preview Content */ = {
			isa = PBXGroup;
			children = (
				5F7125D428819D86008CA35E /* Preview Assets.xcassets */,
			);
			path = "Preview Content";
			sourceTree = "<group>";
		};
		5F7125DD28819D86008CA35E /* BoostersTests */ = {
			isa = PBXGroup;
			children = (
				5F7126F02884361A008CA35E /* AnimalsListTests.swift */,
				5F7126EE288435BA008CA35E /* AnimalFactsTests.swift */,
				5F7126EC288435AC008CA35E /* AnimalFactTests.swift */,
			);
			path = BoostersTests;
			sourceTree = "<group>";
		};
		5F7125E728819D86008CA35E /* BoostersUITests */ = {
			isa = PBXGroup;
			children = (
				5F7125E828819D86008CA35E /* BoostersUITests.swift */,
				5F7125EA28819D86008CA35E /* BoostersUITestsLaunchTests.swift */,
			);
			path = BoostersUITests;
			sourceTree = "<group>";
		};
		5F7125FB2881A610008CA35E /* Modules */ = {
			isa = PBXGroup;
			children = (
				5F7126112881A7FB008CA35E /* Root */,
				5F7126012881A69C008CA35E /* AnimalsList */,
				5F7126022881A6A1008CA35E /* AnimalFacts */,
			);
			path = Modules;
			sourceTree = "<group>";
		};
		5F7125FC2881A62E008CA35E /* Models */ = {
			isa = PBXGroup;
			children = (
				5F7126032881A707008CA35E /* Animal.swift */,
				5F7126052881A70C008CA35E /* Fact.swift */,
			);
			path = Models;
			sourceTree = "<group>";
		};
		5F7125FD2881A644008CA35E /* Extensions */ = {
			isa = PBXGroup;
			children = (
				5F7126072881A790008CA35E /* Publisher+Ext.swift */,
				5F7126472881EE55008CA35E /* SwiftUI+Navigation.swift */,
			);
			path = Extensions;
			sourceTree = "<group>";
		};
		5F7125FE2881A66C008CA35E /* Services */ = {
			isa = PBXGroup;
			children = (
				5F71261C2881AA98008CA35E /* NetworkService */,
				5F7126322881C1D9008CA35E /* AnimalsService */,
				5F71265B28834B17008CA35E /* KingfisherService */,
			);
			path = Services;
			sourceTree = "<group>";
		};
		5F7126012881A69C008CA35E /* AnimalsList */ = {
			isa = PBXGroup;
			children = (
				5F71260D2881A7BF008CA35E /* AnimalsList.swift */,
				5F71260F2881A7C9008CA35E /* AnimalsListView.swift */,
				5F71263D2881C83B008CA35E /* AnimalCell */,
			);
			path = AnimalsList;
			sourceTree = "<group>";
		};
		5F7126022881A6A1008CA35E /* AnimalFacts */ = {
			isa = PBXGroup;
			children = (
				5F7126092881A7AA008CA35E /* AnimalFactsStore.swift */,
				5F71260B2881A7B2008CA35E /* AnimalFactsView.swift */,
				5F71264E2882F239008CA35E /* AnimalFactView */,
			);
			path = AnimalFacts;
			sourceTree = "<group>";
		};
		5F7126112881A7FB008CA35E /* Root */ = {
			isa = PBXGroup;
			children = (
				5F7125CD28819D84008CA35E /* BoostersApp.swift */,
				5F7126122881A7FD008CA35E /* App */,
				5F7126382881C2F3008CA35E /* AppDelegate */,
			);
			path = Root;
			sourceTree = "<group>";
		};
		5F7126122881A7FD008CA35E /* App */ = {
			isa = PBXGroup;
			children = (
				5F7126142881A824008CA35E /* AppStore.swift */,
				5F7126172881A82D008CA35E /* AppView.swift */,
			);
			path = App;
			sourceTree = "<group>";
		};
		5F71261C2881AA98008CA35E /* NetworkService */ = {
			isa = PBXGroup;
			children = (
				5F7125FF2881A681008CA35E /* NetworkService.swift */,
				5F7126312881C1AE008CA35E /* Helpers */,
			);
			path = NetworkService;
			sourceTree = "<group>";
		};
		5F7126312881C1AE008CA35E /* Helpers */ = {
			isa = PBXGroup;
			children = (
				5F7126362881C287008CA35E /* APIError.swift */,
				5F7126212881AAA9008CA35E /* NetworkError.swift */,
				5F7126202881AAA9008CA35E /* HTTPMethod.swift */,
				5F71261D2881AAA8008CA35E /* ContentType.swift */,
				5F7126332881C21E008CA35E /* RequestBuilder.swift */,
			);
			path = Helpers;
			sourceTree = "<group>";
		};
		5F7126322881C1D9008CA35E /* AnimalsService */ = {
			isa = PBXGroup;
			children = (
				5F71261A2881A8EA008CA35E /* AnimalsService.swift */,
			);
			path = AnimalsService;
			sourceTree = "<group>";
		};
		5F7126382881C2F3008CA35E /* AppDelegate */ = {
			isa = PBXGroup;
			children = (
				5F71263A2881C2FE008CA35E /* AppDelegateStore.swift */,
				5F7126392881C2FE008CA35E /* AppDelegate.swift */,
			);
			path = AppDelegate;
			sourceTree = "<group>";
		};
		5F71263D2881C83B008CA35E /* AnimalCell */ = {
			isa = PBXGroup;
			children = (
				5F7126422881C870008CA35E /* AnimalCellStore.swift */,
				5F71263F2881C850008CA35E /* AnimalCellView.swift */,
			);
			path = AnimalCell;
			sourceTree = "<group>";
		};
		5F7126492881F41E008CA35E /* SharedViews */ = {
			isa = PBXGroup;
			children = (
				5F71265428833D12008CA35E /* ActivityShare */,
				5F71265328833D0C008CA35E /* Loader */,
			);
			path = SharedViews;
			sourceTree = "<group>";
		};
		5F71264E2882F239008CA35E /* AnimalFactView */ = {
			isa = PBXGroup;
			children = (
				5F71264F2882F24E008CA35E /* AnimalFactStore.swift */,
				5F7126512882F256008CA35E /* AnimalFactView.swift */,
			);
			path = AnimalFactView;
			sourceTree = "<group>";
		};
		5F71265328833D0C008CA35E /* Loader */ = {
			isa = PBXGroup;
			children = (
				5F71264A2881F428008CA35E /* Loader.swift */,
				5F71264C2881F455008CA35E /* Loadable.swift */,
			);
			path = Loader;
			sourceTree = "<group>";
		};
		5F71265428833D12008CA35E /* ActivityShare */ = {
			isa = PBXGroup;
			children = (
				5F71265628833D24008CA35E /* ActivityView.swift */,
				5F71265828833D39008CA35E /* ActivityShareItem.swift */,
			);
			path = ActivityShare;
			sourceTree = "<group>";
		};
		5F71265B28834B17008CA35E /* KingfisherService */ = {
			isa = PBXGroup;
			children = (
				5F71265C28834B27008CA35E /* KingfisherService.swift */,
			);
			path = KingfisherService;
			sourceTree = "<group>";
		};
/* End PBXGroup section */

/* Begin PBXNativeTarget section */
		5F7125C928819D84008CA35E /* Boosters */ = {
			isa = PBXNativeTarget;
			buildConfigurationList = 5F7125EE28819D86008CA35E /* Build configuration list for PBXNativeTarget "Boosters" */;
			buildPhases = (
				5F7125C628819D84008CA35E /* Sources */,
				5F7125C728819D84008CA35E /* Frameworks */,
				5F7125C828819D84008CA35E /* Resources */,
			);
			buildRules = (
			);
			dependencies = (
			);
			name = Boosters;
			packageProductDependencies = (
				5F7125F82881A5F9008CA35E /* ComposableArchitecture */,
				5F7126452881D352008CA35E /* Kingfisher */,
			);
			productName = Boosters;
			productReference = 5F7125CA28819D84008CA35E /* Boosters.app */;
			productType = "com.apple.product-type.application";
		};
		5F7125D928819D86008CA35E /* BoostersTests */ = {
			isa = PBXNativeTarget;
			buildConfigurationList = 5F7125F128819D86008CA35E /* Build configuration list for PBXNativeTarget "BoostersTests" */;
			buildPhases = (
				5F7125D628819D86008CA35E /* Sources */,
				5F7125D728819D86008CA35E /* Frameworks */,
				5F7125D828819D86008CA35E /* Resources */,
			);
			buildRules = (
			);
			dependencies = (
				5F7125DC28819D86008CA35E /* PBXTargetDependency */,
			);
			name = BoostersTests;
			productName = BoostersTests;
			productReference = 5F7125DA28819D86008CA35E /* BoostersTests.xctest */;
			productType = "com.apple.product-type.bundle.unit-test";
		};
		5F7125E328819D86008CA35E /* BoostersUITests */ = {
			isa = PBXNativeTarget;
			buildConfigurationList = 5F7125F428819D86008CA35E /* Build configuration list for PBXNativeTarget "BoostersUITests" */;
			buildPhases = (
				5F7125E028819D86008CA35E /* Sources */,
				5F7125E128819D86008CA35E /* Frameworks */,
				5F7125E228819D86008CA35E /* Resources */,
			);
			buildRules = (
			);
			dependencies = (
				5F7125E628819D86008CA35E /* PBXTargetDependency */,
			);
			name = BoostersUITests;
			productName = BoostersUITests;
			productReference = 5F7125E428819D86008CA35E /* BoostersUITests.xctest */;
			productType = "com.apple.product-type.bundle.ui-testing";
		};
/* End PBXNativeTarget section */

/* Begin PBXProject section */
		5F7125C228819D83008CA35E /* Project object */ = {
			isa = PBXProject;
			attributes = {
				BuildIndependentTargetsInParallel = 1;
				LastSwiftUpdateCheck = 1340;
				LastUpgradeCheck = 1340;
				TargetAttributes = {
					5F7125C928819D84008CA35E = {
						CreatedOnToolsVersion = 13.4.1;
					};
					5F7125D928819D86008CA35E = {
						CreatedOnToolsVersion = 13.4.1;
						TestTargetID = 5F7125C928819D84008CA35E;
					};
					5F7125E328819D86008CA35E = {
						CreatedOnToolsVersion = 13.4.1;
						TestTargetID = 5F7125C928819D84008CA35E;
					};
				};
			};
			buildConfigurationList = 5F7125C528819D83008CA35E /* Build configuration list for PBXProject "Boosters" */;
			compatibilityVersion = "Xcode 13.0";
			developmentRegion = en;
			hasScannedForEncodings = 0;
			knownRegions = (
				en,
				Base,
			);
			mainGroup = 5F7125C128819D83008CA35E;
			packageReferences = (
				5F7125F72881A5F9008CA35E /* XCRemoteSwiftPackageReference "swift-composable-architecture" */,
				5F7126442881D352008CA35E /* XCRemoteSwiftPackageReference "Kingfisher" */,
			);
			productRefGroup = 5F7125CB28819D84008CA35E /* Products */;
			projectDirPath = "";
			projectRoot = "";
			targets = (
				5F7125C928819D84008CA35E /* Boosters */,
				5F7125D928819D86008CA35E /* BoostersTests */,
				5F7125E328819D86008CA35E /* BoostersUITests */,
			);
		};
/* End PBXProject section */

/* Begin PBXResourcesBuildPhase section */
		5F7125C828819D84008CA35E /* Resources */ = {
			isa = PBXResourcesBuildPhase;
			buildActionMask = 2147483647;
			files = (
				5F7125D528819D86008CA35E /* Preview Assets.xcassets in Resources */,
				5F7125D228819D86008CA35E /* Assets.xcassets in Resources */,
			);
			runOnlyForDeploymentPostprocessing = 0;
		};
		5F7125D828819D86008CA35E /* Resources */ = {
			isa = PBXResourcesBuildPhase;
			buildActionMask = 2147483647;
			files = (
			);
			runOnlyForDeploymentPostprocessing = 0;
		};
		5F7125E228819D86008CA35E /* Resources */ = {
			isa = PBXResourcesBuildPhase;
			buildActionMask = 2147483647;
			files = (
			);
			runOnlyForDeploymentPostprocessing = 0;
		};
/* End PBXResourcesBuildPhase section */

/* Begin PBXSourcesBuildPhase section */
		5F7125C628819D84008CA35E /* Sources */ = {
			isa = PBXSourcesBuildPhase;
			buildActionMask = 2147483647;
			files = (
				5F7126082881A790008CA35E /* Publisher+Ext.swift in Sources */,
				5F71260A2881A7AA008CA35E /* AnimalFactsStore.swift in Sources */,
				5F7126402881C850008CA35E /* AnimalCellView.swift in Sources */,
				5F7126432881C870008CA35E /* AnimalCellStore.swift in Sources */,
				5F7126342881C21E008CA35E /* RequestBuilder.swift in Sources */,
				5F71260E2881A7BF008CA35E /* AnimalsList.swift in Sources */,
				5F7126102881A7C9008CA35E /* AnimalsListView.swift in Sources */,
				5F7126042881A707008CA35E /* Animal.swift in Sources */,
				5F7126062881A70C008CA35E /* Fact.swift in Sources */,
				5F71264D2881F455008CA35E /* Loadable.swift in Sources */,
				5F71263B2881C2FE008CA35E /* AppDelegate.swift in Sources */,
				5F7126372881C287008CA35E /* APIError.swift in Sources */,
				5F71261B2881A8EA008CA35E /* AnimalsService.swift in Sources */,
				5F7125CE28819D84008CA35E /* BoostersApp.swift in Sources */,
				5F71263C2881C2FE008CA35E /* AppDelegateStore.swift in Sources */,
				5F71264B2881F428008CA35E /* Loader.swift in Sources */,
				5F7126182881A82D008CA35E /* AppView.swift in Sources */,
				5F7126482881EE55008CA35E /* SwiftUI+Navigation.swift in Sources */,
				5F7126262881AAA9008CA35E /* HTTPMethod.swift in Sources */,
				5F7126502882F24E008CA35E /* AnimalFactStore.swift in Sources */,
				5F71260C2881A7B2008CA35E /* AnimalFactsView.swift in Sources */,
				5F7126232881AAA9008CA35E /* ContentType.swift in Sources */,
				5F7126272881AAA9008CA35E /* NetworkError.swift in Sources */,
				5F7126152881A824008CA35E /* AppStore.swift in Sources */,
				5F71265D28834B27008CA35E /* KingfisherService.swift in Sources */,
				5F71265928833D39008CA35E /* ActivityShareItem.swift in Sources */,
				5F71265728833D24008CA35E /* ActivityView.swift in Sources */,
				5F7126002881A681008CA35E /* NetworkService.swift in Sources */,
				5F7126522882F256008CA35E /* AnimalFactView.swift in Sources */,
			);
			runOnlyForDeploymentPostprocessing = 0;
		};
		5F7125D628819D86008CA35E /* Sources */ = {
			isa = PBXSourcesBuildPhase;
			buildActionMask = 2147483647;
			files = (
				5F7126F12884361A008CA35E /* AnimalsListTests.swift in Sources */,
				5F7126ED288435AC008CA35E /* AnimalFactTests.swift in Sources */,
				5F7126EF288435BA008CA35E /* AnimalFactsTests.swift in Sources */,
			);
			runOnlyForDeploymentPostprocessing = 0;
		};
		5F7125E028819D86008CA35E /* Sources */ = {
			isa = PBXSourcesBuildPhase;
			buildActionMask = 2147483647;
			files = (
				5F7125EB28819D86008CA35E /* BoostersUITestsLaunchTests.swift in Sources */,
				5F7125E928819D86008CA35E /* BoostersUITests.swift in Sources */,
			);
			runOnlyForDeploymentPostprocessing = 0;
		};
/* End PBXSourcesBuildPhase section */

/* Begin PBXTargetDependency section */
		5F7125DC28819D86008CA35E /* PBXTargetDependency */ = {
			isa = PBXTargetDependency;
			target = 5F7125C928819D84008CA35E /* Boosters */;
			targetProxy = 5F7125DB28819D86008CA35E /* PBXContainerItemProxy */;
		};
		5F7125E628819D86008CA35E /* PBXTargetDependency */ = {
			isa = PBXTargetDependency;
			target = 5F7125C928819D84008CA35E /* Boosters */;
			targetProxy = 5F7125E528819D86008CA35E /* PBXContainerItemProxy */;
		};
/* End PBXTargetDependency section */

/* Begin XCBuildConfiguration section */
		5F7125EC28819D86008CA35E /* Debug */ = {
			isa = XCBuildConfiguration;
			buildSettings = {
				ALWAYS_SEARCH_USER_PATHS = NO;
				CLANG_ANALYZER_NONNULL = YES;
				CLANG_ANALYZER_NUMBER_OBJECT_CONVERSION = YES_AGGRESSIVE;
				CLANG_CXX_LANGUAGE_STANDARD = "gnu++17";
				CLANG_ENABLE_MODULES = YES;
				CLANG_ENABLE_OBJC_ARC = YES;
				CLANG_ENABLE_OBJC_WEAK = YES;
				CLANG_WARN_BLOCK_CAPTURE_AUTORELEASING = YES;
				CLANG_WARN_BOOL_CONVERSION = YES;
				CLANG_WARN_COMMA = YES;
				CLANG_WARN_CONSTANT_CONVERSION = YES;
				CLANG_WARN_DEPRECATED_OBJC_IMPLEMENTATIONS = YES;
				CLANG_WARN_DIRECT_OBJC_ISA_USAGE = YES_ERROR;
				CLANG_WARN_DOCUMENTATION_COMMENTS = YES;
				CLANG_WARN_EMPTY_BODY = YES;
				CLANG_WARN_ENUM_CONVERSION = YES;
				CLANG_WARN_INFINITE_RECURSION = YES;
				CLANG_WARN_INT_CONVERSION = YES;
				CLANG_WARN_NON_LITERAL_NULL_CONVERSION = YES;
				CLANG_WARN_OBJC_IMPLICIT_RETAIN_SELF = YES;
				CLANG_WARN_OBJC_LITERAL_CONVERSION = YES;
				CLANG_WARN_OBJC_ROOT_CLASS = YES_ERROR;
				CLANG_WARN_QUOTED_INCLUDE_IN_FRAMEWORK_HEADER = YES;
				CLANG_WARN_RANGE_LOOP_ANALYSIS = YES;
				CLANG_WARN_STRICT_PROTOTYPES = YES;
				CLANG_WARN_SUSPICIOUS_MOVE = YES;
				CLANG_WARN_UNGUARDED_AVAILABILITY = YES_AGGRESSIVE;
				CLANG_WARN_UNREACHABLE_CODE = YES;
				CLANG_WARN__DUPLICATE_METHOD_MATCH = YES;
				COPY_PHASE_STRIP = NO;
				DEBUG_INFORMATION_FORMAT = dwarf;
				ENABLE_STRICT_OBJC_MSGSEND = YES;
				ENABLE_TESTABILITY = YES;
				GCC_C_LANGUAGE_STANDARD = gnu11;
				GCC_DYNAMIC_NO_PIC = NO;
				GCC_NO_COMMON_BLOCKS = YES;
				GCC_OPTIMIZATION_LEVEL = 0;
				GCC_PREPROCESSOR_DEFINITIONS = (
					"DEBUG=1",
					"$(inherited)",
				);
				GCC_WARN_64_TO_32_BIT_CONVERSION = YES;
				GCC_WARN_ABOUT_RETURN_TYPE = YES_ERROR;
				GCC_WARN_UNDECLARED_SELECTOR = YES;
				GCC_WARN_UNINITIALIZED_AUTOS = YES_AGGRESSIVE;
				GCC_WARN_UNUSED_FUNCTION = YES;
				GCC_WARN_UNUSED_VARIABLE = YES;
				IPHONEOS_DEPLOYMENT_TARGET = 15.0;
				MTL_ENABLE_DEBUG_INFO = INCLUDE_SOURCE;
				MTL_FAST_MATH = YES;
				ONLY_ACTIVE_ARCH = YES;
				SDKROOT = iphoneos;
				SWIFT_ACTIVE_COMPILATION_CONDITIONS = DEBUG;
				SWIFT_OPTIMIZATION_LEVEL = "-Onone";
			};
			name = Debug;
		};
		5F7125ED28819D86008CA35E /* Release */ = {
			isa = XCBuildConfiguration;
			buildSettings = {
				ALWAYS_SEARCH_USER_PATHS = NO;
				CLANG_ANALYZER_NONNULL = YES;
				CLANG_ANALYZER_NUMBER_OBJECT_CONVERSION = YES_AGGRESSIVE;
				CLANG_CXX_LANGUAGE_STANDARD = "gnu++17";
				CLANG_ENABLE_MODULES = YES;
				CLANG_ENABLE_OBJC_ARC = YES;
				CLANG_ENABLE_OBJC_WEAK = YES;
				CLANG_WARN_BLOCK_CAPTURE_AUTORELEASING = YES;
				CLANG_WARN_BOOL_CONVERSION = YES;
				CLANG_WARN_COMMA = YES;
				CLANG_WARN_CONSTANT_CONVERSION = YES;
				CLANG_WARN_DEPRECATED_OBJC_IMPLEMENTATIONS = YES;
				CLANG_WARN_DIRECT_OBJC_ISA_USAGE = YES_ERROR;
				CLANG_WARN_DOCUMENTATION_COMMENTS = YES;
				CLANG_WARN_EMPTY_BODY = YES;
				CLANG_WARN_ENUM_CONVERSION = YES;
				CLANG_WARN_INFINITE_RECURSION = YES;
				CLANG_WARN_INT_CONVERSION = YES;
				CLANG_WARN_NON_LITERAL_NULL_CONVERSION = YES;
				CLANG_WARN_OBJC_IMPLICIT_RETAIN_SELF = YES;
				CLANG_WARN_OBJC_LITERAL_CONVERSION = YES;
				CLANG_WARN_OBJC_ROOT_CLASS = YES_ERROR;
				CLANG_WARN_QUOTED_INCLUDE_IN_FRAMEWORK_HEADER = YES;
				CLANG_WARN_RANGE_LOOP_ANALYSIS = YES;
				CLANG_WARN_STRICT_PROTOTYPES = YES;
				CLANG_WARN_SUSPICIOUS_MOVE = YES;
				CLANG_WARN_UNGUARDED_AVAILABILITY = YES_AGGRESSIVE;
				CLANG_WARN_UNREACHABLE_CODE = YES;
				CLANG_WARN__DUPLICATE_METHOD_MATCH = YES;
				COPY_PHASE_STRIP = NO;
				DEBUG_INFORMATION_FORMAT = "dwarf-with-dsym";
				ENABLE_NS_ASSERTIONS = NO;
				ENABLE_STRICT_OBJC_MSGSEND = YES;
				GCC_C_LANGUAGE_STANDARD = gnu11;
				GCC_NO_COMMON_BLOCKS = YES;
				GCC_WARN_64_TO_32_BIT_CONVERSION = YES;
				GCC_WARN_ABOUT_RETURN_TYPE = YES_ERROR;
				GCC_WARN_UNDECLARED_SELECTOR = YES;
				GCC_WARN_UNINITIALIZED_AUTOS = YES_AGGRESSIVE;
				GCC_WARN_UNUSED_FUNCTION = YES;
				GCC_WARN_UNUSED_VARIABLE = YES;
				IPHONEOS_DEPLOYMENT_TARGET = 15.0;
				MTL_ENABLE_DEBUG_INFO = NO;
				MTL_FAST_MATH = YES;
				SDKROOT = iphoneos;
				SWIFT_COMPILATION_MODE = wholemodule;
				SWIFT_OPTIMIZATION_LEVEL = "-O";
				VALIDATE_PRODUCT = YES;
			};
			name = Release;
		};
		5F7125EF28819D86008CA35E /* Debug */ = {
			isa = XCBuildConfiguration;
			buildSettings = {
				ASSETCATALOG_COMPILER_APPICON_NAME = AppIcon;
				ASSETCATALOG_COMPILER_GLOBAL_ACCENT_COLOR_NAME = AccentColor;
				CODE_SIGN_STYLE = Automatic;
				CURRENT_PROJECT_VERSION = 1;
				DEVELOPMENT_ASSET_PATHS = "\"Boosters/Preview Content\"";
				DEVELOPMENT_TEAM = M92VXVU7J9;
				ENABLE_PREVIEWS = YES;
				GENERATE_INFOPLIST_FILE = YES;
				INFOPLIST_KEY_UIApplicationSceneManifest_Generation = YES;
				INFOPLIST_KEY_UIApplicationSupportsIndirectInputEvents = YES;
				INFOPLIST_KEY_UILaunchScreen_Generation = YES;
				INFOPLIST_KEY_UISupportedInterfaceOrientations_iPad = "UIInterfaceOrientationPortrait UIInterfaceOrientationPortraitUpsideDown UIInterfaceOrientationLandscapeLeft UIInterfaceOrientationLandscapeRight";
				INFOPLIST_KEY_UISupportedInterfaceOrientations_iPhone = "UIInterfaceOrientationPortrait UIInterfaceOrientationLandscapeLeft UIInterfaceOrientationLandscapeRight";
				INFOPLIST_KEY_UIUserInterfaceStyle = Light;
				IPHONEOS_DEPLOYMENT_TARGET = 15.0;
				LD_RUNPATH_SEARCH_PATHS = (
					"$(inherited)",
					"@executable_path/Frameworks",
				);
				MARKETING_VERSION = 1.0;
				PRODUCT_BUNDLE_IDENTIFIER = com.ddanilyuk.Boosters;
				PRODUCT_NAME = "$(TARGET_NAME)";
				SWIFT_EMIT_LOC_STRINGS = YES;
				SWIFT_VERSION = 5.0;
				TARGETED_DEVICE_FAMILY = 1;
			};
			name = Debug;
		};
		5F7125F028819D86008CA35E /* Release */ = {
			isa = XCBuildConfiguration;
			buildSettings = {
				ASSETCATALOG_COMPILER_APPICON_NAME = AppIcon;
				ASSETCATALOG_COMPILER_GLOBAL_ACCENT_COLOR_NAME = AccentColor;
				CODE_SIGN_STYLE = Automatic;
				CURRENT_PROJECT_VERSION = 1;
				DEVELOPMENT_ASSET_PATHS = "\"Boosters/Preview Content\"";
				DEVELOPMENT_TEAM = M92VXVU7J9;
				ENABLE_PREVIEWS = YES;
				GENERATE_INFOPLIST_FILE = YES;
				INFOPLIST_KEY_UIApplicationSceneManifest_Generation = YES;
				INFOPLIST_KEY_UIApplicationSupportsIndirectInputEvents = YES;
				INFOPLIST_KEY_UILaunchScreen_Generation = YES;
				INFOPLIST_KEY_UISupportedInterfaceOrientations_iPad = "UIInterfaceOrientationPortrait UIInterfaceOrientationPortraitUpsideDown UIInterfaceOrientationLandscapeLeft UIInterfaceOrientationLandscapeRight";
				INFOPLIST_KEY_UISupportedInterfaceOrientations_iPhone = "UIInterfaceOrientationPortrait UIInterfaceOrientationLandscapeLeft UIInterfaceOrientationLandscapeRight";
				INFOPLIST_KEY_UIUserInterfaceStyle = Light;
				IPHONEOS_DEPLOYMENT_TARGET = 15.0;
				LD_RUNPATH_SEARCH_PATHS = (
					"$(inherited)",
					"@executable_path/Frameworks",
				);
				MARKETING_VERSION = 1.0;
				PRODUCT_BUNDLE_IDENTIFIER = com.ddanilyuk.Boosters;
				PRODUCT_NAME = "$(TARGET_NAME)";
				SWIFT_EMIT_LOC_STRINGS = YES;
				SWIFT_VERSION = 5.0;
				TARGETED_DEVICE_FAMILY = 1;
			};
			name = Release;
		};
		5F7125F228819D86008CA35E /* Debug */ = {
			isa = XCBuildConfiguration;
			buildSettings = {
				ALWAYS_EMBED_SWIFT_STANDARD_LIBRARIES = YES;
				BUNDLE_LOADER = "$(TEST_HOST)";
				CODE_SIGN_STYLE = Automatic;
				CURRENT_PROJECT_VERSION = 1;
				DEVELOPMENT_TEAM = M92VXVU7J9;
				GENERATE_INFOPLIST_FILE = YES;
				IPHONEOS_DEPLOYMENT_TARGET = 15.5;
				MARKETING_VERSION = 1.0;
				PRODUCT_BUNDLE_IDENTIFIER = com.ddanilyuk.BoostersTests;
				PRODUCT_NAME = "$(TARGET_NAME)";
				SWIFT_EMIT_LOC_STRINGS = NO;
				SWIFT_VERSION = 5.0;
				TARGETED_DEVICE_FAMILY = "1,2";
				TEST_HOST = "$(BUILT_PRODUCTS_DIR)/Boosters.app/Boosters";
			};
			name = Debug;
		};
		5F7125F328819D86008CA35E /* Release */ = {
			isa = XCBuildConfiguration;
			buildSettings = {
				ALWAYS_EMBED_SWIFT_STANDARD_LIBRARIES = YES;
				BUNDLE_LOADER = "$(TEST_HOST)";
				CODE_SIGN_STYLE = Automatic;
				CURRENT_PROJECT_VERSION = 1;
				DEVELOPMENT_TEAM = M92VXVU7J9;
				GENERATE_INFOPLIST_FILE = YES;
				IPHONEOS_DEPLOYMENT_TARGET = 15.5;
				MARKETING_VERSION = 1.0;
				PRODUCT_BUNDLE_IDENTIFIER = com.ddanilyuk.BoostersTests;
				PRODUCT_NAME = "$(TARGET_NAME)";
				SWIFT_EMIT_LOC_STRINGS = NO;
				SWIFT_VERSION = 5.0;
				TARGETED_DEVICE_FAMILY = "1,2";
				TEST_HOST = "$(BUILT_PRODUCTS_DIR)/Boosters.app/Boosters";
			};
			name = Release;
		};
		5F7125F528819D86008CA35E /* Debug */ = {
			isa = XCBuildConfiguration;
			buildSettings = {
				ALWAYS_EMBED_SWIFT_STANDARD_LIBRARIES = YES;
				CODE_SIGN_STYLE = Automatic;
				CURRENT_PROJECT_VERSION = 1;
				DEVELOPMENT_TEAM = M92VXVU7J9;
				GENERATE_INFOPLIST_FILE = YES;
				MARKETING_VERSION = 1.0;
				PRODUCT_BUNDLE_IDENTIFIER = com.ddanilyuk.BoostersUITests;
				PRODUCT_NAME = "$(TARGET_NAME)";
				SWIFT_EMIT_LOC_STRINGS = NO;
				SWIFT_VERSION = 5.0;
				TARGETED_DEVICE_FAMILY = "1,2";
				TEST_TARGET_NAME = Boosters;
			};
			name = Debug;
		};
		5F7125F628819D86008CA35E /* Release */ = {
			isa = XCBuildConfiguration;
			buildSettings = {
				ALWAYS_EMBED_SWIFT_STANDARD_LIBRARIES = YES;
				CODE_SIGN_STYLE = Automatic;
				CURRENT_PROJECT_VERSION = 1;
				DEVELOPMENT_TEAM = M92VXVU7J9;
				GENERATE_INFOPLIST_FILE = YES;
				MARKETING_VERSION = 1.0;
				PRODUCT_BUNDLE_IDENTIFIER = com.ddanilyuk.BoostersUITests;
				PRODUCT_NAME = "$(TARGET_NAME)";
				SWIFT_EMIT_LOC_STRINGS = NO;
				SWIFT_VERSION = 5.0;
				TARGETED_DEVICE_FAMILY = "1,2";
				TEST_TARGET_NAME = Boosters;
			};
			name = Release;
		};
/* End XCBuildConfiguration section */

/* Begin XCConfigurationList section */
		5F7125C528819D83008CA35E /* Build configuration list for PBXProject "Boosters" */ = {
			isa = XCConfigurationList;
			buildConfigurations = (
				5F7125EC28819D86008CA35E /* Debug */,
				5F7125ED28819D86008CA35E /* Release */,
			);
			defaultConfigurationIsVisible = 0;
			defaultConfigurationName = Release;
		};
		5F7125EE28819D86008CA35E /* Build configuration list for PBXNativeTarget "Boosters" */ = {
			isa = XCConfigurationList;
			buildConfigurations = (
				5F7125EF28819D86008CA35E /* Debug */,
				5F7125F028819D86008CA35E /* Release */,
			);
			defaultConfigurationIsVisible = 0;
			defaultConfigurationName = Release;
		};
		5F7125F128819D86008CA35E /* Build configuration list for PBXNativeTarget "BoostersTests" */ = {
			isa = XCConfigurationList;
			buildConfigurations = (
				5F7125F228819D86008CA35E /* Debug */,
				5F7125F328819D86008CA35E /* Release */,
			);
			defaultConfigurationIsVisible = 0;
			defaultConfigurationName = Release;
		};
		5F7125F428819D86008CA35E /* Build configuration list for PBXNativeTarget "BoostersUITests" */ = {
			isa = XCConfigurationList;
			buildConfigurations = (
				5F7125F528819D86008CA35E /* Debug */,
				5F7125F628819D86008CA35E /* Release */,
			);
			defaultConfigurationIsVisible = 0;
			defaultConfigurationName = Release;
		};
/* End XCConfigurationList section */

/* Begin XCRemoteSwiftPackageReference section */
		5F7125F72881A5F9008CA35E /* XCRemoteSwiftPackageReference "swift-composable-architecture" */ = {
			isa = XCRemoteSwiftPackageReference;
			repositoryURL = "https://github.com/pointfreeco/swift-composable-architecture";
			requirement = {
				kind = upToNextMajorVersion;
				minimumVersion = 0.38.0;
			};
		};
		5F7126442881D352008CA35E /* XCRemoteSwiftPackageReference "Kingfisher" */ = {
			isa = XCRemoteSwiftPackageReference;
			repositoryURL = "https://github.com/onevcat/Kingfisher";
			requirement = {
				kind = upToNextMajorVersion;
				minimumVersion = 7.0.0;
			};
		};
/* End XCRemoteSwiftPackageReference section */

/* Begin XCSwiftPackageProductDependency section */
		5F7125F82881A5F9008CA35E /* ComposableArchitecture */ = {
			isa = XCSwiftPackageProductDependency;
			package = 5F7125F72881A5F9008CA35E /* XCRemoteSwiftPackageReference "swift-composable-architecture" */;
			productName = ComposableArchitecture;
		};
		5F7126452881D352008CA35E /* Kingfisher */ = {
			isa = XCSwiftPackageProductDependency;
			package = 5F7126442881D352008CA35E /* XCRemoteSwiftPackageReference "Kingfisher" */;
			productName = Kingfisher;
		};
/* End XCSwiftPackageProductDependency section */
	};
	rootObject = 5F7125C228819D83008CA35E /* Project object */;
}
